
Microsoft Visual Studio Solution File, Format Version 12.00
# Visual Studio Version 17
VisualStudioVersion = 17.8.34330.188
MinimumVisualStudioVersion = 10.0.40219.1
Project("{FAE04EC0-301F-11D3-BF4B-00C04F79EFBC}") = "POC.Piezas.Console", "POC.Piezas.Console\POC.Piezas.Console.csproj", "{714E7BAC-CAE0-4310-A0E5-DFA1E73ABD02}"
EndProject
Project("{FAE04EC0-301F-11D3-BF4B-00C04F79EFBC}") = "POC.Piezas.Models", "POC.Piezas.Models\POC.Piezas.Models.csproj", "{0E9D987B-EF4E-4896-893A-E6A6ADFBECF1}"
EndProject
Project("{FAE04EC0-301F-11D3-BF4B-00C04F79EFBC}") = "POC.Piezas.Infrastructure", "POC.Piezas.Infrastructure\POC.Piezas.Infrastructure.csproj", "{AB28E53B-81ED-4188-8D69-9F1783A7ADCA}"
EndProject
Project("{2150E333-8FDC-42A3-9474-1A3956D46DE8}") = "src", "src", "{E3FE1A82-6A2A-447C-BA93-7F96627B145F}"
EndProject
Project("{2150E333-8FDC-42A3-9474-1A3956D46DE8}") = "app", "app", "{93AC4BC1-855A-427E-BBDC-6C15D27C535E}"
EndProject
Project("{2150E333-8FDC-42A3-9474-1A3956D46DE8}") = "external", "external", "{20409A8B-F376-47F0-AC2D-1BF3B57534F5}"
EndProject
Project("{FAE04EC0-301F-11D3-BF4B-00C04F79EFBC}") = "Gaby.libs.tree", "Gaby.libs.tree\Gaby.libs.tree.csproj", "{4639D21D-937C-42F6-AB18-4D1C9F3DAFBC}"
EndProject
Project("{FAE04EC0-301F-11D3-BF4B-00C04F79EFBC}") = "POC.Piezas.Application", "POC.Piezas.Application\POC.Piezas.Application.csproj", "{6AFB94DB-7003-412F-853F-158F4F340711}"
EndProject
Project("{2150E333-8FDC-42A3-9474-1A3956D46DE8}") = "Presentation", "Presentation", "{FDCB313F-3F4E-459F-AAFB-3FDF875C42C2}"
EndProject
Project("{2150E333-8FDC-42A3-9474-1A3956D46DE8}") = "Modules", "Modules", "{F886BCE3-2FF3-441C-9F08-9A5DF9C70DAD}"
EndProject
Project("{FAE04EC0-301F-11D3-BF4B-00C04F79EFBC}") = "POC.Piezas.Winforms", "POC.Piezas.Winforms\POC.Piezas.Winforms.csproj", "{D45115F7-A22F-4347-8E31-D7291C5B2062}"
EndProject
Global
	GlobalSection(SolutionConfigurationPlatforms) = preSolution
		Debug|Any CPU = Debug|Any CPU
		Release|Any CPU = Release|Any CPU
	EndGlobalSection
	GlobalSection(ProjectConfigurationPlatforms) = postSolution
		{714E7BAC-CAE0-4310-A0E5-DFA1E73ABD02}.Debug|Any CPU.ActiveCfg = Debug|Any CPU
		{714E7BAC-CAE0-4310-A0E5-DFA1E73ABD02}.Debug|Any CPU.Build.0 = Debug|Any CPU
		{714E7BAC-CAE0-4310-A0E5-DFA1E73ABD02}.Release|Any CPU.ActiveCfg = Release|Any CPU
		{714E7BAC-CAE0-4310-A0E5-DFA1E73ABD02}.Release|Any CPU.Build.0 = Release|Any CPU
		{0E9D987B-EF4E-4896-893A-E6A6ADFBECF1}.Debug|Any CPU.ActiveCfg = Debug|Any CPU
		{0E9D987B-EF4E-4896-893A-E6A6ADFBECF1}.Debug|Any CPU.Build.0 = Debug|Any CPU
		{0E9D987B-EF4E-4896-893A-E6A6ADFBECF1}.Release|Any CPU.ActiveCfg = Release|Any CPU
		{0E9D987B-EF4E-4896-893A-E6A6ADFBECF1}.Release|Any CPU.Build.0 = Release|Any CPU
		{AB28E53B-81ED-4188-8D69-9F1783A7ADCA}.Debug|Any CPU.ActiveCfg = Debug|Any CPU
		{AB28E53B-81ED-4188-8D69-9F1783A7ADCA}.Debug|Any CPU.Build.0 = Debug|Any CPU
		{AB28E53B-81ED-4188-8D69-9F1783A7ADCA}.Release|Any CPU.ActiveCfg = Release|Any CPU
		{AB28E53B-81ED-4188-8D69-9F1783A7ADCA}.Release|Any CPU.Build.0 = Release|Any CPU
		{4639D21D-937C-42F6-AB18-4D1C9F3DAFBC}.Debug|Any CPU.ActiveCfg = Debug|Any CPU
		{4639D21D-937C-42F6-AB18-4D1C9F3DAFBC}.Debug|Any CPU.Build.0 = Debug|Any CPU
		{4639D21D-937C-42F6-AB18-4D1C9F3DAFBC}.Release|Any CPU.ActiveCfg = Release|Any CPU
		{4639D21D-937C-42F6-AB18-4D1C9F3DAFBC}.Release|Any CPU.Build.0 = Release|Any CPU
		{6AFB94DB-7003-412F-853F-158F4F340711}.Debug|Any CPU.ActiveCfg = Debug|Any CPU
		{6AFB94DB-7003-412F-853F-158F4F340711}.Debug|Any CPU.Build.0 = Debug|Any CPU
		{6AFB94DB-7003-412F-853F-158F4F340711}.Release|Any CPU.ActiveCfg = Release|Any CPU
		{6AFB94DB-7003-412F-853F-158F4F340711}.Release|Any CPU.Build.0 = Release|Any CPU
		{D45115F7-A22F-4347-8E31-D7291C5B2062}.Debug|Any CPU.ActiveCfg = Debug|Any CPU
		{D45115F7-A22F-4347-8E31-D7291C5B2062}.Debug|Any CPU.Build.0 = Debug|Any CPU
		{D45115F7-A22F-4347-8E31-D7291C5B2062}.Release|Any CPU.ActiveCfg = Release|Any CPU
		{D45115F7-A22F-4347-8E31-D7291C5B2062}.Release|Any CPU.Build.0 = Release|Any CPU
	EndGlobalSection
	GlobalSection(SolutionProperties) = preSolution
		HideSolutionNode = FALSE
	EndGlobalSection
	GlobalSection(NestedProjects) = preSolution
		{714E7BAC-CAE0-4310-A0E5-DFA1E73ABD02} = {FDCB313F-3F4E-459F-AAFB-3FDF875C42C2}
		{0E9D987B-EF4E-4896-893A-E6A6ADFBECF1} = {F886BCE3-2FF3-441C-9F08-9A5DF9C70DAD}
		{AB28E53B-81ED-4188-8D69-9F1783A7ADCA} = {F886BCE3-2FF3-441C-9F08-9A5DF9C70DAD}
		{93AC4BC1-855A-427E-BBDC-6C15D27C535E} = {E3FE1A82-6A2A-447C-BA93-7F96627B145F}
		{20409A8B-F376-47F0-AC2D-1BF3B57534F5} = {E3FE1A82-6A2A-447C-BA93-7F96627B145F}
		{4639D21D-937C-42F6-AB18-4D1C9F3DAFBC} = {20409A8B-F376-47F0-AC2D-1BF3B57534F5}
		{6AFB94DB-7003-412F-853F-158F4F340711} = {F886BCE3-2FF3-441C-9F08-9A5DF9C70DAD}
		{FDCB313F-3F4E-459F-AAFB-3FDF875C42C2} = {93AC4BC1-855A-427E-BBDC-6C15D27C535E}
		{F886BCE3-2FF3-441C-9F08-9A5DF9C70DAD} = {93AC4BC1-855A-427E-BBDC-6C15D27C535E}
		{D45115F7-A22F-4347-8E31-D7291C5B2062} = {FDCB313F-3F4E-459F-AAFB-3FDF875C42C2}
	EndGlobalSection
	GlobalSection(ExtensibilityGlobals) = postSolution
		SolutionGuid = {8C7B906D-FD44-4098-90C6-4A61536FE12E}
	EndGlobalSection
EndGlobal
